// !$*UTF8*$!
{
	archiveVersion = 1;
	classes = {
	};
	objectVersion = 55;
	objects = {

/* Begin PBXBuildFile section */
		327941B9B34FC240FC974DEE /* Pods_SportsApp.framework in Frameworks */ = {isa = PBXBuildFile; fileRef = 2D0141C597B22B49BC90E935 /* Pods_SportsApp.framework */; };
		826F53A22864DB92003F2637 /* UpComingCollectionViewCell.swift in Sources */ = {isa = PBXBuildFile; fileRef = 826F53A12864DB92003F2637 /* UpComingCollectionViewCell.swift */; };
		826F53A42864DCA1003F2637 /* ResultTableViewCell.swift in Sources */ = {isa = PBXBuildFile; fileRef = 826F53A32864DCA1003F2637 /* ResultTableViewCell.swift */; };
		826F53A62864DCEF003F2637 /* TeamCollectionViewCell.swift in Sources */ = {isa = PBXBuildFile; fileRef = 826F53A52864DCEF003F2637 /* TeamCollectionViewCell.swift */; };
		8291BC3428674F2700317020 /* TeamsDetails.swift in Sources */ = {isa = PBXBuildFile; fileRef = 8291BC3328674F2700317020 /* TeamsDetails.swift */; };
		82932778286334F700F9EAC7 /* LeagueTableViewController.swift in Sources */ = {isa = PBXBuildFile; fileRef = 82932777286334F700F9EAC7 /* LeagueTableViewController.swift */; };
		8293277A2863375700F9EAC7 /* LeagueTableViewCell.swift in Sources */ = {isa = PBXBuildFile; fileRef = 829327792863375700F9EAC7 /* LeagueTableViewCell.swift */; };
		8293277E28633AA300F9EAC7 /* League.swift in Sources */ = {isa = PBXBuildFile; fileRef = 8293277D28633AA300F9EAC7 /* League.swift */; };
		8293278028633DBC00F9EAC7 /* LeagueContract.swift in Sources */ = {isa = PBXBuildFile; fileRef = 8293277F28633DBC00F9EAC7 /* LeagueContract.swift */; };
		8293278228633E3700F9EAC7 /* LeagueModelController.swift in Sources */ = {isa = PBXBuildFile; fileRef = 8293278128633E3700F9EAC7 /* LeagueModelController.swift */; };
		829327842863404500F9EAC7 /* LeaguePresenter.swift in Sources */ = {isa = PBXBuildFile; fileRef = 829327832863404500F9EAC7 /* LeaguePresenter.swift */; };
		829F6C6E28648882005B996C /* LeagueDetailsViewController.swift in Sources */ = {isa = PBXBuildFile; fileRef = 829F6C6D28648882005B996C /* LeagueDetailsViewController.swift */; };
		829F6C702864ACEC005B996C /* Events.swift in Sources */ = {isa = PBXBuildFile; fileRef = 829F6C6F2864ACEC005B996C /* Events.swift */; };
		829F6C742864AE22005B996C /* Teams.swift in Sources */ = {isa = PBXBuildFile; fileRef = 829F6C732864AE22005B996C /* Teams.swift */; };
		829F6C762864AE69005B996C /* EventContract.swift in Sources */ = {isa = PBXBuildFile; fileRef = 829F6C752864AE69005B996C /* EventContract.swift */; };
		829F6C782864AEF2005B996C /* EventModelController.swift in Sources */ = {isa = PBXBuildFile; fileRef = 829F6C772864AEF2005B996C /* EventModelController.swift */; };
		829F6C7A2864B4EF005B996C /* EventPresenter.swift in Sources */ = {isa = PBXBuildFile; fileRef = 829F6C792864B4EF005B996C /* EventPresenter.swift */; };
		82BA85E628663D9200D756E2 /* FavouriteLeagueViewController.swift in Sources */ = {isa = PBXBuildFile; fileRef = 82BA85E528663D9200D756E2 /* FavouriteLeagueViewController.swift */; };
		82BA85E828663DC300D756E2 /* FavouriteViewCell.swift in Sources */ = {isa = PBXBuildFile; fileRef = 82BA85E728663DC300D756E2 /* FavouriteViewCell.swift */; };
		82BA85EA286641BD00D756E2 /* DataBase.swift in Sources */ = {isa = PBXBuildFile; fileRef = 82BA85E9286641BD00D756E2 /* DataBase.swift */; };
		82BA85F7286688DB00D756E2 /* TeamDetailViewController.swift in Sources */ = {isa = PBXBuildFile; fileRef = 82BA85F6286688DB00D756E2 /* TeamDetailViewController.swift */; };
		82D727AF2861FAED00B211F8 /* AppDelegate.swift in Sources */ = {isa = PBXBuildFile; fileRef = 82D727AE2861FAED00B211F8 /* AppDelegate.swift */; };
		82D727B12861FAED00B211F8 /* SceneDelegate.swift in Sources */ = {isa = PBXBuildFile; fileRef = 82D727B02861FAED00B211F8 /* SceneDelegate.swift */; };
		82D727B32861FAED00B211F8 /* ViewController.swift in Sources */ = {isa = PBXBuildFile; fileRef = 82D727B22861FAED00B211F8 /* ViewController.swift */; };
		82D727B62861FAED00B211F8 /* Main.storyboard in Resources */ = {isa = PBXBuildFile; fileRef = 82D727B42861FAED00B211F8 /* Main.storyboard */; };
		82D727B92861FAED00B211F8 /* SportsApp.xcdatamodeld in Sources */ = {isa = PBXBuildFile; fileRef = 82D727B72861FAED00B211F8 /* SportsApp.xcdatamodeld */; };
		82D727BB2861FAEE00B211F8 /* Assets.xcassets in Resources */ = {isa = PBXBuildFile; fileRef = 82D727BA2861FAEE00B211F8 /* Assets.xcassets */; };
		82D727BE2861FAEE00B211F8 /* LaunchScreen.storyboard in Resources */ = {isa = PBXBuildFile; fileRef = 82D727BC2861FAEE00B211F8 /* LaunchScreen.storyboard */; };
		82D727C62861FB9300B211F8 /* SportCollectionViewCell.swift in Sources */ = {isa = PBXBuildFile; fileRef = 82D727C52861FB9300B211F8 /* SportCollectionViewCell.swift */; };
		82D727CB2861FED300B211F8 /* NetworkManager.swift in Sources */ = {isa = PBXBuildFile; fileRef = 82D727CA2861FED300B211F8 /* NetworkManager.swift */; };
		82D727CE2861FFB800B211F8 /* Urls.swift in Sources */ = {isa = PBXBuildFile; fileRef = 82D727CD2861FFB800B211F8 /* Urls.swift */; };
		82D727D02862004300B211F8 /* ApiServices.swift in Sources */ = {isa = PBXBuildFile; fileRef = 82D727CF2862004300B211F8 /* ApiServices.swift */; };
		82D727D4286200D900B211F8 /* Sport.swift in Sources */ = {isa = PBXBuildFile; fileRef = 82D727D3286200D900B211F8 /* Sport.swift */; };
		82D727D8286201E800B211F8 /* JsonDecoder.swift in Sources */ = {isa = PBXBuildFile; fileRef = 82D727D7286201E800B211F8 /* JsonDecoder.swift */; };
		82D727DB286208D700B211F8 /* HomePresenter.swift in Sources */ = {isa = PBXBuildFile; fileRef = 82D727DA286208D700B211F8 /* HomePresenter.swift */; };
		82D727DE2862093C00B211F8 /* HomeModelController.swift in Sources */ = {isa = PBXBuildFile; fileRef = 82D727DD2862093C00B211F8 /* HomeModelController.swift */; };
		82D727E128620A5E00B211F8 /* HomeContract.swift in Sources */ = {isa = PBXBuildFile; fileRef = 82D727E028620A5E00B211F8 /* HomeContract.swift */; };
/* End PBXBuildFile section */

/* Begin PBXFileReference section */
		2D0141C597B22B49BC90E935 /* Pods_SportsApp.framework */ = {isa = PBXFileReference; explicitFileType = wrapper.framework; includeInIndex = 0; path = Pods_SportsApp.framework; sourceTree = BUILT_PRODUCTS_DIR; };
		358108ED047B2D29039D2388 /* Pods-SportsApp.release.xcconfig */ = {isa = PBXFileReference; includeInIndex = 1; lastKnownFileType = text.xcconfig; name = "Pods-SportsApp.release.xcconfig"; path = "Target Support Files/Pods-SportsApp/Pods-SportsApp.release.xcconfig"; sourceTree = "<group>"; };
		826F53A12864DB92003F2637 /* UpComingCollectionViewCell.swift */ = {isa = PBXFileReference; lastKnownFileType = sourcecode.swift; path = UpComingCollectionViewCell.swift; sourceTree = "<group>"; };
		826F53A32864DCA1003F2637 /* ResultTableViewCell.swift */ = {isa = PBXFileReference; lastKnownFileType = sourcecode.swift; path = ResultTableViewCell.swift; sourceTree = "<group>"; };
		826F53A52864DCEF003F2637 /* TeamCollectionViewCell.swift */ = {isa = PBXFileReference; lastKnownFileType = sourcecode.swift; path = TeamCollectionViewCell.swift; sourceTree = "<group>"; };
		8291BC3328674F2700317020 /* TeamsDetails.swift */ = {isa = PBXFileReference; lastKnownFileType = sourcecode.swift; path = TeamsDetails.swift; sourceTree = "<group>"; };
		82932777286334F700F9EAC7 /* LeagueTableViewController.swift */ = {isa = PBXFileReference; lastKnownFileType = sourcecode.swift; path = LeagueTableViewController.swift; sourceTree = "<group>"; };
		829327792863375700F9EAC7 /* LeagueTableViewCell.swift */ = {isa = PBXFileReference; lastKnownFileType = sourcecode.swift; path = LeagueTableViewCell.swift; sourceTree = "<group>"; };
		8293277D28633AA300F9EAC7 /* League.swift */ = {isa = PBXFileReference; lastKnownFileType = sourcecode.swift; path = League.swift; sourceTree = "<group>"; };
		8293277F28633DBC00F9EAC7 /* LeagueContract.swift */ = {isa = PBXFileReference; lastKnownFileType = sourcecode.swift; path = LeagueContract.swift; sourceTree = "<group>"; };
		8293278128633E3700F9EAC7 /* LeagueModelController.swift */ = {isa = PBXFileReference; lastKnownFileType = sourcecode.swift; path = LeagueModelController.swift; sourceTree = "<group>"; };
		829327832863404500F9EAC7 /* LeaguePresenter.swift */ = {isa = PBXFileReference; lastKnownFileType = sourcecode.swift; path = LeaguePresenter.swift; sourceTree = "<group>"; };
		829F6C6D28648882005B996C /* LeagueDetailsViewController.swift */ = {isa = PBXFileReference; lastKnownFileType = sourcecode.swift; path = LeagueDetailsViewController.swift; sourceTree = "<group>"; };
		829F6C6F2864ACEC005B996C /* Events.swift */ = {isa = PBXFileReference; lastKnownFileType = sourcecode.swift; path = Events.swift; sourceTree = "<group>"; };
		829F6C732864AE22005B996C /* Teams.swift */ = {isa = PBXFileReference; lastKnownFileType = sourcecode.swift; path = Teams.swift; sourceTree = "<group>"; };
		829F6C752864AE69005B996C /* EventContract.swift */ = {isa = PBXFileReference; lastKnownFileType = sourcecode.swift; path = EventContract.swift; sourceTree = "<group>"; };
		829F6C772864AEF2005B996C /* EventModelController.swift */ = {isa = PBXFileReference; lastKnownFileType = sourcecode.swift; path = EventModelController.swift; sourceTree = "<group>"; };
		829F6C792864B4EF005B996C /* EventPresenter.swift */ = {isa = PBXFileReference; lastKnownFileType = sourcecode.swift; path = EventPresenter.swift; sourceTree = "<group>"; };
		82BA85E528663D9200D756E2 /* FavouriteLeagueViewController.swift */ = {isa = PBXFileReference; lastKnownFileType = sourcecode.swift; path = FavouriteLeagueViewController.swift; sourceTree = "<group>"; };
		82BA85E728663DC300D756E2 /* FavouriteViewCell.swift */ = {isa = PBXFileReference; lastKnownFileType = sourcecode.swift; path = FavouriteViewCell.swift; sourceTree = "<group>"; };
		82BA85E9286641BD00D756E2 /* DataBase.swift */ = {isa = PBXFileReference; lastKnownFileType = sourcecode.swift; path = DataBase.swift; sourceTree = "<group>"; };
		82BA85F6286688DB00D756E2 /* TeamDetailViewController.swift */ = {isa = PBXFileReference; lastKnownFileType = sourcecode.swift; path = TeamDetailViewController.swift; sourceTree = "<group>"; };
		82D727AB2861FAED00B211F8 /* SportsApp.app */ = {isa = PBXFileReference; explicitFileType = wrapper.application; includeInIndex = 0; path = SportsApp.app; sourceTree = BUILT_PRODUCTS_DIR; };
		82D727AE2861FAED00B211F8 /* AppDelegate.swift */ = {isa = PBXFileReference; lastKnownFileType = sourcecode.swift; path = AppDelegate.swift; sourceTree = "<group>"; };
		82D727B02861FAED00B211F8 /* SceneDelegate.swift */ = {isa = PBXFileReference; lastKnownFileType = sourcecode.swift; path = SceneDelegate.swift; sourceTree = "<group>"; };
		82D727B22861FAED00B211F8 /* ViewController.swift */ = {isa = PBXFileReference; lastKnownFileType = sourcecode.swift; path = ViewController.swift; sourceTree = "<group>"; };
		82D727B52861FAED00B211F8 /* Base */ = {isa = PBXFileReference; lastKnownFileType = file.storyboard; name = Base; path = Base.lproj/Main.storyboard; sourceTree = "<group>"; };
		82D727B82861FAED00B211F8 /* SportsApp.xcdatamodel */ = {isa = PBXFileReference; lastKnownFileType = wrapper.xcdatamodel; path = SportsApp.xcdatamodel; sourceTree = "<group>"; };
		82D727BA2861FAEE00B211F8 /* Assets.xcassets */ = {isa = PBXFileReference; lastKnownFileType = folder.assetcatalog; path = Assets.xcassets; sourceTree = "<group>"; };
		82D727BD2861FAEE00B211F8 /* Base */ = {isa = PBXFileReference; lastKnownFileType = file.storyboard; name = Base; path = Base.lproj/LaunchScreen.storyboard; sourceTree = "<group>"; };
		82D727BF2861FAEE00B211F8 /* Info.plist */ = {isa = PBXFileReference; lastKnownFileType = text.plist.xml; path = Info.plist; sourceTree = "<group>"; };
		82D727C52861FB9300B211F8 /* SportCollectionViewCell.swift */ = {isa = PBXFileReference; lastKnownFileType = sourcecode.swift; path = SportCollectionViewCell.swift; sourceTree = "<group>"; };
		82D727CA2861FED300B211F8 /* NetworkManager.swift */ = {isa = PBXFileReference; lastKnownFileType = sourcecode.swift; path = NetworkManager.swift; sourceTree = "<group>"; };
		82D727CD2861FFB800B211F8 /* Urls.swift */ = {isa = PBXFileReference; lastKnownFileType = sourcecode.swift; path = Urls.swift; sourceTree = "<group>"; };
		82D727CF2862004300B211F8 /* ApiServices.swift */ = {isa = PBXFileReference; lastKnownFileType = sourcecode.swift; path = ApiServices.swift; sourceTree = "<group>"; };
		82D727D3286200D900B211F8 /* Sport.swift */ = {isa = PBXFileReference; lastKnownFileType = sourcecode.swift; path = Sport.swift; sourceTree = "<group>"; };
		82D727D7286201E800B211F8 /* JsonDecoder.swift */ = {isa = PBXFileReference; lastKnownFileType = sourcecode.swift; path = JsonDecoder.swift; sourceTree = "<group>"; };
		82D727DA286208D700B211F8 /* HomePresenter.swift */ = {isa = PBXFileReference; lastKnownFileType = sourcecode.swift; path = HomePresenter.swift; sourceTree = "<group>"; };
		82D727DD2862093C00B211F8 /* HomeModelController.swift */ = {isa = PBXFileReference; lastKnownFileType = sourcecode.swift; path = HomeModelController.swift; sourceTree = "<group>"; };
		82D727E028620A5E00B211F8 /* HomeContract.swift */ = {isa = PBXFileReference; lastKnownFileType = sourcecode.swift; path = HomeContract.swift; sourceTree = "<group>"; };
		9C55DCCDCCE4F373B6039227 /* Pods-SportsApp.debug.xcconfig */ = {isa = PBXFileReference; includeInIndex = 1; lastKnownFileType = text.xcconfig; name = "Pods-SportsApp.debug.xcconfig"; path = "Target Support Files/Pods-SportsApp/Pods-SportsApp.debug.xcconfig"; sourceTree = "<group>"; };
/* End PBXFileReference section */

/* Begin PBXFrameworksBuildPhase section */
		82D727A82861FAED00B211F8 /* Frameworks */ = {
			isa = PBXFrameworksBuildPhase;
			buildActionMask = 2147483647;
			files = (
				327941B9B34FC240FC974DEE /* Pods_SportsApp.framework in Frameworks */,
			);
			runOnlyForDeploymentPostprocessing = 0;
		};
/* End PBXFrameworksBuildPhase section */

/* Begin PBXGroup section */
		1789E72C508E6143F392E837 /* Frameworks */ = {
			isa = PBXGroup;
			children = (
				2D0141C597B22B49BC90E935 /* Pods_SportsApp.framework */,
			);
			name = Frameworks;
			sourceTree = "<group>";
		};
		8293277B286337BA00F9EAC7 /* View */ = {
			isa = PBXGroup;
			children = (
				82D727B42861FAED00B211F8 /* Main.storyboard */,
				82D727BC2861FAEE00B211F8 /* LaunchScreen.storyboard */,
				82D727C52861FB9300B211F8 /* SportCollectionViewCell.swift */,
				829327792863375700F9EAC7 /* LeagueTableViewCell.swift */,
				826F53A12864DB92003F2637 /* UpComingCollectionViewCell.swift */,
				826F53A32864DCA1003F2637 /* ResultTableViewCell.swift */,
				826F53A52864DCEF003F2637 /* TeamCollectionViewCell.swift */,
				82BA85E728663DC300D756E2 /* FavouriteViewCell.swift */,
			);
			path = View;
			sourceTree = "<group>";
		};
		8293277C286337E600F9EAC7 /* Core */ = {
			isa = PBXGroup;
			children = (
				82D727B02861FAED00B211F8 /* SceneDelegate.swift */,
				82D727AE2861FAED00B211F8 /* AppDelegate.swift */,
			);
			path = Core;
			sourceTree = "<group>";
		};
		82BA85F528667D1100D756E2 /* CoreData */ = {
			isa = PBXGroup;
			children = (
				82D727B72861FAED00B211F8 /* SportsApp.xcdatamodeld */,
				82BA85E9286641BD00D756E2 /* DataBase.swift */,
			);
			path = CoreData;
			sourceTree = "<group>";
		};
		82D727A22861FAED00B211F8 = {
			isa = PBXGroup;
			children = (
				82D727AD2861FAED00B211F8 /* SportsApp */,
				82D727AC2861FAED00B211F8 /* Products */,
				DC1DE7F5523EA6641289DD9D /* Pods */,
				1789E72C508E6143F392E837 /* Frameworks */,
			);
			sourceTree = "<group>";
		};
		82D727AC2861FAED00B211F8 /* Products */ = {
			isa = PBXGroup;
			children = (
				82D727AB2861FAED00B211F8 /* SportsApp.app */,
			);
			name = Products;
			sourceTree = "<group>";
		};
		82D727AD2861FAED00B211F8 /* SportsApp */ = {
			isa = PBXGroup;
			children = (
				82BA85F528667D1100D756E2 /* CoreData */,
				8293277B286337BA00F9EAC7 /* View */,
				82D727DF28620A3800B211F8 /* Contracts */,
				82D727DC2862091E00B211F8 /* ModelControler */,
				82D727D9286208AF00B211F8 /* Presenter */,
				82D727D6286201A700B211F8 /* Utilities */,
				82D727D22862007800B211F8 /* Model */,
				82D727CC2861FF5500B211F8 /* ApiServices */,
				82D727C92861FE7700B211F8 /* NetworkManager */,
				82D727BA2861FAEE00B211F8 /* Assets.xcassets */,
				8293277C286337E600F9EAC7 /* Core */,
				82D727C72861FE2D00B211F8 /* Controller */,
				82D727BF2861FAEE00B211F8 /* Info.plist */,
			);
			path = SportsApp;
			sourceTree = "<group>";
		};
		82D727C72861FE2D00B211F8 /* Controller */ = {
			isa = PBXGroup;
			children = (
				82932777286334F700F9EAC7 /* LeagueTableViewController.swift */,
				82D727B22861FAED00B211F8 /* ViewController.swift */,
				829F6C6D28648882005B996C /* LeagueDetailsViewController.swift */,
				82BA85E528663D9200D756E2 /* FavouriteLeagueViewController.swift */,
				82BA85F6286688DB00D756E2 /* TeamDetailViewController.swift */,
			);
			path = Controller;
			sourceTree = "<group>";
		};
		82D727C92861FE7700B211F8 /* NetworkManager */ = {
			isa = PBXGroup;
			children = (
				82D727CA2861FED300B211F8 /* NetworkManager.swift */,
			);
			path = NetworkManager;
			sourceTree = "<group>";
		};
		82D727CC2861FF5500B211F8 /* ApiServices */ = {
			isa = PBXGroup;
			children = (
				82D727CD2861FFB800B211F8 /* Urls.swift */,
				82D727CF2862004300B211F8 /* ApiServices.swift */,
			);
			path = ApiServices;
			sourceTree = "<group>";
		};
		82D727D22862007800B211F8 /* Model */ = {
			isa = PBXGroup;
			children = (
				82D727D3286200D900B211F8 /* Sport.swift */,
				8293277D28633AA300F9EAC7 /* League.swift */,
				829F6C6F2864ACEC005B996C /* Events.swift */,
				829F6C732864AE22005B996C /* Teams.swift */,
				8291BC3328674F2700317020 /* TeamsDetails.swift */,
			);
			path = Model;
			sourceTree = "<group>";
		};
		82D727D6286201A700B211F8 /* Utilities */ = {
			isa = PBXGroup;
			children = (
				82D727D7286201E800B211F8 /* JsonDecoder.swift */,
			);
			path = Utilities;
			sourceTree = "<group>";
		};
		82D727D9286208AF00B211F8 /* Presenter */ = {
			isa = PBXGroup;
			children = (
				82D727DA286208D700B211F8 /* HomePresenter.swift */,
				829327832863404500F9EAC7 /* LeaguePresenter.swift */,
				829F6C792864B4EF005B996C /* EventPresenter.swift */,
			);
			path = Presenter;
			sourceTree = "<group>";
		};
		82D727DC2862091E00B211F8 /* ModelControler */ = {
			isa = PBXGroup;
			children = (
				82D727DD2862093C00B211F8 /* HomeModelController.swift */,
				8293278128633E3700F9EAC7 /* LeagueModelController.swift */,
				829F6C772864AEF2005B996C /* EventModelController.swift */,
			);
			path = ModelControler;
			sourceTree = "<group>";
		};
		82D727DF28620A3800B211F8 /* Contracts */ = {
			isa = PBXGroup;
			children = (
				82D727E028620A5E00B211F8 /* HomeContract.swift */,
				8293277F28633DBC00F9EAC7 /* LeagueContract.swift */,
				829F6C752864AE69005B996C /* EventContract.swift */,
			);
			path = Contracts;
			sourceTree = "<group>";
		};
		DC1DE7F5523EA6641289DD9D /* Pods */ = {
			isa = PBXGroup;
			children = (
				9C55DCCDCCE4F373B6039227 /* Pods-SportsApp.debug.xcconfig */,
				358108ED047B2D29039D2388 /* Pods-SportsApp.release.xcconfig */,
			);
			path = Pods;
			sourceTree = "<group>";
		};
/* End PBXGroup section */

/* Begin PBXNativeTarget section */
		82D727AA2861FAED00B211F8 /* SportsApp */ = {
			isa = PBXNativeTarget;
			buildConfigurationList = 82D727C22861FAEE00B211F8 /* Build configuration list for PBXNativeTarget "SportsApp" */;
			buildPhases = (
				33A06C7622A95DDA395EF3E3 /* [CP] Check Pods Manifest.lock */,
				82D727A72861FAED00B211F8 /* Sources */,
				82D727A82861FAED00B211F8 /* Frameworks */,
				82D727A92861FAED00B211F8 /* Resources */,
				267E1E8846358D2A5946817A /* [CP] Embed Pods Frameworks */,
			);
			buildRules = (
			);
			dependencies = (
			);
			name = SportsApp;
			productName = SportsApp;
			productReference = 82D727AB2861FAED00B211F8 /* SportsApp.app */;
			productType = "com.apple.product-type.application";
		};
/* End PBXNativeTarget section */

/* Begin PBXProject section */
		82D727A32861FAED00B211F8 /* Project object */ = {
			isa = PBXProject;
			attributes = {
				BuildIndependentTargetsInParallel = 1;
				LastSwiftUpdateCheck = 1330;
				LastUpgradeCheck = 1330;
				TargetAttributes = {
					82D727AA2861FAED00B211F8 = {
						CreatedOnToolsVersion = 13.3;
					};
				};
			};
			buildConfigurationList = 82D727A62861FAED00B211F8 /* Build configuration list for PBXProject "SportsApp" */;
			compatibilityVersion = "Xcode 13.0";
			developmentRegion = en;
			hasScannedForEncodings = 0;
			knownRegions = (
				en,
				Base,
			);
			mainGroup = 82D727A22861FAED00B211F8;
			productRefGroup = 82D727AC2861FAED00B211F8 /* Products */;
			projectDirPath = "";
			projectRoot = "";
			targets = (
				82D727AA2861FAED00B211F8 /* SportsApp */,
			);
		};
/* End PBXProject section */

/* Begin PBXResourcesBuildPhase section */
		82D727A92861FAED00B211F8 /* Resources */ = {
			isa = PBXResourcesBuildPhase;
			buildActionMask = 2147483647;
			files = (
				82D727BE2861FAEE00B211F8 /* LaunchScreen.storyboard in Resources */,
				82D727BB2861FAEE00B211F8 /* Assets.xcassets in Resources */,
				82D727B62861FAED00B211F8 /* Main.storyboard in Resources */,
			);
			runOnlyForDeploymentPostprocessing = 0;
		};
/* End PBXResourcesBuildPhase section */

/* Begin PBXShellScriptBuildPhase section */
		267E1E8846358D2A5946817A /* [CP] Embed Pods Frameworks */ = {
			isa = PBXShellScriptBuildPhase;
			buildActionMask = 2147483647;
			files = (
			);
			inputFileListPaths = (
				"${PODS_ROOT}/Target Support Files/Pods-SportsApp/Pods-SportsApp-frameworks-${CONFIGURATION}-input-files.xcfilelist",
			);
			name = "[CP] Embed Pods Frameworks";
			outputFileListPaths = (
				"${PODS_ROOT}/Target Support Files/Pods-SportsApp/Pods-SportsApp-frameworks-${CONFIGURATION}-output-files.xcfilelist",
			);
			runOnlyForDeploymentPostprocessing = 0;
			shellPath = /bin/sh;
			shellScript = "\"${PODS_ROOT}/Target Support Files/Pods-SportsApp/Pods-SportsApp-frameworks.sh\"\n";
			showEnvVarsInLog = 0;
		};
		33A06C7622A95DDA395EF3E3 /* [CP] Check Pods Manifest.lock */ = {
			isa = PBXShellScriptBuildPhase;
			buildActionMask = 2147483647;
			files = (
			);
			inputFileListPaths = (
			);
			inputPaths = (
				"${PODS_PODFILE_DIR_PATH}/Podfile.lock",
				"${PODS_ROOT}/Manifest.lock",
			);
			name = "[CP] Check Pods Manifest.lock";
			outputFileListPaths = (
			);
			outputPaths = (
				"$(DERIVED_FILE_DIR)/Pods-SportsApp-checkManifestLockResult.txt",
			);
			runOnlyForDeploymentPostprocessing = 0;
			shellPath = /bin/sh;
			shellScript = "diff \"${PODS_PODFILE_DIR_PATH}/Podfile.lock\" \"${PODS_ROOT}/Manifest.lock\" > /dev/null\nif [ $? != 0 ] ; then\n    # print error to STDERR\n    echo \"error: The sandbox is not in sync with the Podfile.lock. Run 'pod install' or update your CocoaPods installation.\" >&2\n    exit 1\nfi\n# This output is used by Xcode 'outputs' to avoid re-running this script phase.\necho \"SUCCESS\" > \"${SCRIPT_OUTPUT_FILE_0}\"\n";
			showEnvVarsInLog = 0;
		};
/* End PBXShellScriptBuildPhase section */

/* Begin PBXSourcesBuildPhase section */
		82D727A72861FAED00B211F8 /* Sources */ = {
			isa = PBXSourcesBuildPhase;
			buildActionMask = 2147483647;
			files = (
				829327842863404500F9EAC7 /* LeaguePresenter.swift in Sources */,
				82D727CB2861FED300B211F8 /* NetworkManager.swift in Sources */,
				8293277A2863375700F9EAC7 /* LeagueTableViewCell.swift in Sources */,
				82D727D4286200D900B211F8 /* Sport.swift in Sources */,
				8291BC3428674F2700317020 /* TeamsDetails.swift in Sources */,
				829F6C6E28648882005B996C /* LeagueDetailsViewController.swift in Sources */,
				82D727B32861FAED00B211F8 /* ViewController.swift in Sources */,
				82D727D02862004300B211F8 /* ApiServices.swift in Sources */,
				829F6C762864AE69005B996C /* EventContract.swift in Sources */,
				82BA85F7286688DB00D756E2 /* TeamDetailViewController.swift in Sources */,
				82BA85E828663DC300D756E2 /* FavouriteViewCell.swift in Sources */,
				82BA85E628663D9200D756E2 /* FavouriteLeagueViewController.swift in Sources */,
				8293278028633DBC00F9EAC7 /* LeagueContract.swift in Sources */,
				829F6C7A2864B4EF005B996C /* EventPresenter.swift in Sources */,
				82D727AF2861FAED00B211F8 /* AppDelegate.swift in Sources */,
				82D727B92861FAED00B211F8 /* SportsApp.xcdatamodeld in Sources */,
				82932778286334F700F9EAC7 /* LeagueTableViewController.swift in Sources */,
				826F53A62864DCEF003F2637 /* TeamCollectionViewCell.swift in Sources */,
				829F6C782864AEF2005B996C /* EventModelController.swift in Sources */,
				82D727D8286201E800B211F8 /* JsonDecoder.swift in Sources */,
				82BA85EA286641BD00D756E2 /* DataBase.swift in Sources */,
				82D727C62861FB9300B211F8 /* SportCollectionViewCell.swift in Sources */,
				826F53A42864DCA1003F2637 /* ResultTableViewCell.swift in Sources */,
				826F53A22864DB92003F2637 /* UpComingCollectionViewCell.swift in Sources */,
				8293277E28633AA300F9EAC7 /* League.swift in Sources */,
				82D727CE2861FFB800B211F8 /* Urls.swift in Sources */,
				82D727B12861FAED00B211F8 /* SceneDelegate.swift in Sources */,
				829F6C742864AE22005B996C /* Teams.swift in Sources */,
				82D727E128620A5E00B211F8 /* HomeContract.swift in Sources */,
				82D727DE2862093C00B211F8 /* HomeModelController.swift in Sources */,
				829F6C702864ACEC005B996C /* Events.swift in Sources */,
				8293278228633E3700F9EAC7 /* LeagueModelController.swift in Sources */,
				82D727DB286208D700B211F8 /* HomePresenter.swift in Sources */,
			);
			runOnlyForDeploymentPostprocessing = 0;
		};
/* End PBXSourcesBuildPhase section */

/* Begin PBXVariantGroup section */
		82D727B42861FAED00B211F8 /* Main.storyboard */ = {
			isa = PBXVariantGroup;
			children = (
				82D727B52861FAED00B211F8 /* Base */,
			);
			name = Main.storyboard;
			sourceTree = "<group>";
		};
		82D727BC2861FAEE00B211F8 /* LaunchScreen.storyboard */ = {
			isa = PBXVariantGroup;
			children = (
				82D727BD2861FAEE00B211F8 /* Base */,
			);
			name = LaunchScreen.storyboard;
			sourceTree = "<group>";
		};
/* End PBXVariantGroup section */

/* Begin XCBuildConfiguration section */
		82D727C02861FAEE00B211F8 /* Debug */ = {
			isa = XCBuildConfiguration;
			buildSettings = {
				ALWAYS_SEARCH_USER_PATHS = NO;
				CLANG_ANALYZER_NONNULL = YES;
				CLANG_ANALYZER_NUMBER_OBJECT_CONVERSION = YES_AGGRESSIVE;
				CLANG_CXX_LANGUAGE_STANDARD = "gnu++17";
				CLANG_ENABLE_MODULES = YES;
				CLANG_ENABLE_OBJC_ARC = YES;
				CLANG_ENABLE_OBJC_WEAK = YES;
				CLANG_WARN_BLOCK_CAPTURE_AUTORELEASING = YES;
				CLANG_WARN_BOOL_CONVERSION = YES;
				CLANG_WARN_COMMA = YES;
				CLANG_WARN_CONSTANT_CONVERSION = YES;
				CLANG_WARN_DEPRECATED_OBJC_IMPLEMENTATIONS = YES;
				CLANG_WARN_DIRECT_OBJC_ISA_USAGE = YES_ERROR;
				CLANG_WARN_DOCUMENTATION_COMMENTS = YES;
				CLANG_WARN_EMPTY_BODY = YES;
				CLANG_WARN_ENUM_CONVERSION = YES;
				CLANG_WARN_INFINITE_RECURSION = YES;
				CLANG_WARN_INT_CONVERSION = YES;
				CLANG_WARN_NON_LITERAL_NULL_CONVERSION = YES;
				CLANG_WARN_OBJC_IMPLICIT_RETAIN_SELF = YES;
				CLANG_WARN_OBJC_LITERAL_CONVERSION = YES;
				CLANG_WARN_OBJC_ROOT_CLASS = YES_ERROR;
				CLANG_WARN_QUOTED_INCLUDE_IN_FRAMEWORK_HEADER = YES;
				CLANG_WARN_RANGE_LOOP_ANALYSIS = YES;
				CLANG_WARN_STRICT_PROTOTYPES = YES;
				CLANG_WARN_SUSPICIOUS_MOVE = YES;
				CLANG_WARN_UNGUARDED_AVAILABILITY = YES_AGGRESSIVE;
				CLANG_WARN_UNREACHABLE_CODE = YES;
				CLANG_WARN__DUPLICATE_METHOD_MATCH = YES;
				COPY_PHASE_STRIP = NO;
				DEBUG_INFORMATION_FORMAT = dwarf;
				ENABLE_STRICT_OBJC_MSGSEND = YES;
				ENABLE_TESTABILITY = YES;
				GCC_C_LANGUAGE_STANDARD = gnu11;
				GCC_DYNAMIC_NO_PIC = NO;
				GCC_NO_COMMON_BLOCKS = YES;
				GCC_OPTIMIZATION_LEVEL = 0;
				GCC_PREPROCESSOR_DEFINITIONS = (
					"DEBUG=1",
					"$(inherited)",
				);
				GCC_WARN_64_TO_32_BIT_CONVERSION = YES;
				GCC_WARN_ABOUT_RETURN_TYPE = YES_ERROR;
				GCC_WARN_UNDECLARED_SELECTOR = YES;
				GCC_WARN_UNINITIALIZED_AUTOS = YES_AGGRESSIVE;
				GCC_WARN_UNUSED_FUNCTION = YES;
				GCC_WARN_UNUSED_VARIABLE = YES;
				IPHONEOS_DEPLOYMENT_TARGET = 15.4;
				MTL_ENABLE_DEBUG_INFO = INCLUDE_SOURCE;
				MTL_FAST_MATH = YES;
				ONLY_ACTIVE_ARCH = YES;
				SDKROOT = iphoneos;
				SWIFT_ACTIVE_COMPILATION_CONDITIONS = DEBUG;
				SWIFT_OPTIMIZATION_LEVEL = "-Onone";
			};
			name = Debug;
		};
		82D727C12861FAEE00B211F8 /* Release */ = {
			isa = XCBuildConfiguration;
			buildSettings = {
				ALWAYS_SEARCH_USER_PATHS = NO;
				CLANG_ANALYZER_NONNULL = YES;
				CLANG_ANALYZER_NUMBER_OBJECT_CONVERSION = YES_AGGRESSIVE;
				CLANG_CXX_LANGUAGE_STANDARD = "gnu++17";
				CLANG_ENABLE_MODULES = YES;
				CLANG_ENABLE_OBJC_ARC = YES;
				CLANG_ENABLE_OBJC_WEAK = YES;
				CLANG_WARN_BLOCK_CAPTURE_AUTORELEASING = YES;
				CLANG_WARN_BOOL_CONVERSION = YES;
				CLANG_WARN_COMMA = YES;
				CLANG_WARN_CONSTANT_CONVERSION = YES;
				CLANG_WARN_DEPRECATED_OBJC_IMPLEMENTATIONS = YES;
				CLANG_WARN_DIRECT_OBJC_ISA_USAGE = YES_ERROR;
				CLANG_WARN_DOCUMENTATION_COMMENTS = YES;
				CLANG_WARN_EMPTY_BODY = YES;
				CLANG_WARN_ENUM_CONVERSION = YES;
				CLANG_WARN_INFINITE_RECURSION = YES;
				CLANG_WARN_INT_CONVERSION = YES;
				CLANG_WARN_NON_LITERAL_NULL_CONVERSION = YES;
				CLANG_WARN_OBJC_IMPLICIT_RETAIN_SELF = YES;
				CLANG_WARN_OBJC_LITERAL_CONVERSION = YES;
				CLANG_WARN_OBJC_ROOT_CLASS = YES_ERROR;
				CLANG_WARN_QUOTED_INCLUDE_IN_FRAMEWORK_HEADER = YES;
				CLANG_WARN_RANGE_LOOP_ANALYSIS = YES;
				CLANG_WARN_STRICT_PROTOTYPES = YES;
				CLANG_WARN_SUSPICIOUS_MOVE = YES;
				CLANG_WARN_UNGUARDED_AVAILABILITY = YES_AGGRESSIVE;
				CLANG_WARN_UNREACHABLE_CODE = YES;
				CLANG_WARN__DUPLICATE_METHOD_MATCH = YES;
				COPY_PHASE_STRIP = NO;
				DEBUG_INFORMATION_FORMAT = "dwarf-with-dsym";
				ENABLE_NS_ASSERTIONS = NO;
				ENABLE_STRICT_OBJC_MSGSEND = YES;
				GCC_C_LANGUAGE_STANDARD = gnu11;
				GCC_NO_COMMON_BLOCKS = YES;
				GCC_WARN_64_TO_32_BIT_CONVERSION = YES;
				GCC_WARN_ABOUT_RETURN_TYPE = YES_ERROR;
				GCC_WARN_UNDECLARED_SELECTOR = YES;
				GCC_WARN_UNINITIALIZED_AUTOS = YES_AGGRESSIVE;
				GCC_WARN_UNUSED_FUNCTION = YES;
				GCC_WARN_UNUSED_VARIABLE = YES;
				IPHONEOS_DEPLOYMENT_TARGET = 15.4;
				MTL_ENABLE_DEBUG_INFO = NO;
				MTL_FAST_MATH = YES;
				SDKROOT = iphoneos;
				SWIFT_COMPILATION_MODE = wholemodule;
				SWIFT_OPTIMIZATION_LEVEL = "-O";
				VALIDATE_PRODUCT = YES;
			};
			name = Release;
		};
		82D727C32861FAEE00B211F8 /* Debug */ = {
			isa = XCBuildConfiguration;
			baseConfigurationReference = 9C55DCCDCCE4F373B6039227 /* Pods-SportsApp.debug.xcconfig */;
			buildSettings = {
				ASSETCATALOG_COMPILER_APPICON_NAME = AppIcon;
				ASSETCATALOG_COMPILER_GLOBAL_ACCENT_COLOR_NAME = AccentColor;
				CODE_SIGN_STYLE = Automatic;
				CURRENT_PROJECT_VERSION = 1;
				DEVELOPMENT_TEAM = L96TVVHUA7;
				GENERATE_INFOPLIST_FILE = YES;
				INFOPLIST_FILE = SportsApp/Info.plist;
				INFOPLIST_KEY_UIApplicationSupportsIndirectInputEvents = YES;
				INFOPLIST_KEY_UILaunchStoryboardName = LaunchScreen;
				INFOPLIST_KEY_UIMainStoryboardFile = Main;
				INFOPLIST_KEY_UISupportedInterfaceOrientations_iPad = "UIInterfaceOrientationPortrait UIInterfaceOrientationPortraitUpsideDown UIInterfaceOrientationLandscapeLeft UIInterfaceOrientationLandscapeRight";
				INFOPLIST_KEY_UISupportedInterfaceOrientations_iPhone = "UIInterfaceOrientationPortrait UIInterfaceOrientationLandscapeLeft UIInterfaceOrientationLandscapeRight";
				LD_RUNPATH_SEARCH_PATHS = (
					"$(inherited)",
					"@executable_path/Frameworks",
				);
				MARKETING_VERSION = 1.0;
				PRODUCT_BUNDLE_IDENTIFIER = com.cyjms.SportsApp;
				PRODUCT_NAME = "$(TARGET_NAME)";
				SWIFT_EMIT_LOC_STRINGS = YES;
				SWIFT_VERSION = 5.0;
				TARGETED_DEVICE_FAMILY = "1,2";
			};
			name = Debug;
		};
		82D727C42861FAEE00B211F8 /* Release */ = {
			isa = XCBuildConfiguration;
			baseConfigurationReference = 358108ED047B2D29039D2388 /* Pods-SportsApp.release.xcconfig */;
			buildSettings = {
				ASSETCATALOG_COMPILER_APPICON_NAME = AppIcon;
				ASSETCATALOG_COMPILER_GLOBAL_ACCENT_COLOR_NAME = AccentColor;
				CODE_SIGN_STYLE = Automatic;
				CURRENT_PROJECT_VERSION = 1;
				DEVELOPMENT_TEAM = L96TVVHUA7;
				GENERATE_INFOPLIST_FILE = YES;
				INFOPLIST_FILE = SportsApp/Info.plist;
				INFOPLIST_KEY_UIApplicationSupportsIndirectInputEvents = YES;
				INFOPLIST_KEY_UILaunchStoryboardName = LaunchScreen;
				INFOPLIST_KEY_UIMainStoryboardFile = Main;
				INFOPLIST_KEY_UISupportedInterfaceOrientations_iPad = "UIInterfaceOrientationPortrait UIInterfaceOrientationPortraitUpsideDown UIInterfaceOrientationLandscapeLeft UIInterfaceOrientationLandscapeRight";
				INFOPLIST_KEY_UISupportedInterfaceOrientations_iPhone = "UIInterfaceOrientationPortrait UIInterfaceOrientationLandscapeLeft UIInterfaceOrientationLandscapeRight";
				LD_RUNPATH_SEARCH_PATHS = (
					"$(inherited)",
					"@executable_path/Frameworks",
				);
				MARKETING_VERSION = 1.0;
				PRODUCT_BUNDLE_IDENTIFIER = com.cyjms.SportsApp;
				PRODUCT_NAME = "$(TARGET_NAME)";
				SWIFT_EMIT_LOC_STRINGS = YES;
				SWIFT_VERSION = 5.0;
				TARGETED_DEVICE_FAMILY = "1,2";
			};
			name = Release;
		};
/* End XCBuildConfiguration section */

/* Begin XCConfigurationList section */
		82D727A62861FAED00B211F8 /* Build configuration list for PBXProject "SportsApp" */ = {
			isa = XCConfigurationList;
			buildConfigurations = (
				82D727C02861FAEE00B211F8 /* Debug */,
				82D727C12861FAEE00B211F8 /* Release */,
			);
			defaultConfigurationIsVisible = 0;
			defaultConfigurationName = Release;
		};
		82D727C22861FAEE00B211F8 /* Build configuration list for PBXNativeTarget "SportsApp" */ = {
			isa = XCConfigurationList;
			buildConfigurations = (
				82D727C32861FAEE00B211F8 /* Debug */,
				82D727C42861FAEE00B211F8 /* Release */,
			);
			defaultConfigurationIsVisible = 0;
			defaultConfigurationName = Release;
		};
/* End XCConfigurationList section */

/* Begin XCVersionGroup section */
		82D727B72861FAED00B211F8 /* SportsApp.xcdatamodeld */ = {
			isa = XCVersionGroup;
			children = (
				82D727B82861FAED00B211F8 /* SportsApp.xcdatamodel */,
			);
			currentVersion = 82D727B82861FAED00B211F8 /* SportsApp.xcdatamodel */;
			path = SportsApp.xcdatamodeld;
			sourceTree = "<group>";
			versionGroupType = wrapper.xcdatamodel;
		};
/* End XCVersionGroup section */
	};
	rootObject = 82D727A32861FAED00B211F8 /* Project object */;
}
